
Microsoft Visual Studio Solution File, Format Version 12.00
# Visual Studio Version 16
VisualStudioVersion = 16.0.29025.244
MinimumVisualStudioVersion = 10.0.40219.1
Project("{FAE04EC0-301F-11D3-BF4B-00C04F79EFBC}") = "MangaReader", "MangaReader\MangaReader.csproj", "{A137EE4C-D891-4EE9-A69B-980816E8E7F6}"
EndProject
Global
	GlobalSection(SolutionConfigurationPlatforms) = preSolution
		Debug|Any CPU = Debug|Any CPU
		Release|Any CPU = Release|Any CPU
	EndGlobalSection
	GlobalSection(ProjectConfigurationPlatforms) = postSolution
		{A137EE4C-D891-4EE9-A69B-980816E8E7F6}.Debug|Any CPU.ActiveCfg = Debug|Any CPU
		{A137EE4C-D891-4EE9-A69B-980816E8E7F6}.Debug|Any CPU.Build.0 = Debug|Any CPU
		{A137EE4C-D891-4EE9-A69B-980816E8E7F6}.Release|Any CPU.ActiveCfg = Release|Any CPU
		{A137EE4C-D891-4EE9-A69B-980816E8E7F6}.Release|Any CPU.Build.0 = Release|Any CPU
	EndGlobalSection
	GlobalSection(SolutionProperties) = preSolution
		HideSolutionNode = FALSE
	EndGlobalSection
	GlobalSection(ExtensibilityGlobals) = postSolution
		SolutionGuid = {C971507B-D06F-4237-9BAD-48BD50CFB86F}
	EndGlobalSection
EndGlobal
